// !$*UTF8*$!
{
	archiveVersion = 1;
	classes = {
	};
	objectVersion = 51;
	objects = {

/* Begin PBXBuildFile section */
		53DEC49174E44EC50BDBC525 /* Pods_Ultimate_Football_Quiz.framework in Frameworks */ = {isa = PBXBuildFile; fileRef = 2CE9CD08B284C93A1D1654F2 /* Pods_Ultimate_Football_Quiz.framework */; };
		B42430AF250CEF2500EDD6C9 /* StoreKit.framework in Frameworks */ = {isa = PBXBuildFile; fileRef = B42430AE250CEF2500EDD6C9 /* StoreKit.framework */; };
		B46C243D24FBE1A000E7E539 /* GoogleService-Info.plist in Resources */ = {isa = PBXBuildFile; fileRef = B46C243C24FBE1A000E7E539 /* GoogleService-Info.plist */; };
		B48700F224D424A200B12123 /* GeneralQuestions.swift in Sources */ = {isa = PBXBuildFile; fileRef = B48700F124D424A200B12123 /* GeneralQuestions.swift */; };
		B48700F424D5D22900B12123 /* EndGameViewController.swift in Sources */ = {isa = PBXBuildFile; fileRef = B48700F324D5D22900B12123 /* EndGameViewController.swift */; };
		B49A0EE024E9D52100A10D4A /* StaduimQuestions.swift in Sources */ = {isa = PBXBuildFile; fileRef = B49A0EDF24E9D52100A10D4A /* StaduimQuestions.swift */; };
		B49A0EE224E9D73300A10D4A /* PremierLeagueQuestions.swift in Sources */ = {isa = PBXBuildFile; fileRef = B49A0EE124E9D73300A10D4A /* PremierLeagueQuestions.swift */; };
		B49A0EE424E9DE9F00A10D4A /* TrueFalseViewController.swift in Sources */ = {isa = PBXBuildFile; fileRef = B49A0EE324E9DE9F00A10D4A /* TrueFalseViewController.swift */; };
		B49A0EE624E9E5AE00A10D4A /* QuestionTrueFalseManager.swift in Sources */ = {isa = PBXBuildFile; fileRef = B49A0EE524E9E5AE00A10D4A /* QuestionTrueFalseManager.swift */; };
		B49A0EE824E9E5F500A10D4A /* TrueFalseQuestions.swift in Sources */ = {isa = PBXBuildFile; fileRef = B49A0EE724E9E5F500A10D4A /* TrueFalseQuestions.swift */; };
		B49A0EEA24EC419A00A10D4A /* WhoAmIQuestions.swift in Sources */ = {isa = PBXBuildFile; fileRef = B49A0EE924EC419A00A10D4A /* WhoAmIQuestions.swift */; };
		B49A0EEC24EC45AE00A10D4A /* RandomNumber.swift in Sources */ = {isa = PBXBuildFile; fileRef = B49A0EEB24EC45AE00A10D4A /* RandomNumber.swift */; };
		B49F951524CCAEB9004369BC /* AppDelegate.swift in Sources */ = {isa = PBXBuildFile; fileRef = B49F951424CCAEB9004369BC /* AppDelegate.swift */; };
		B49F951724CCAEB9004369BC /* SceneDelegate.swift in Sources */ = {isa = PBXBuildFile; fileRef = B49F951624CCAEB9004369BC /* SceneDelegate.swift */; };
		B49F951924CCAEB9004369BC /* ViewController.swift in Sources */ = {isa = PBXBuildFile; fileRef = B49F951824CCAEB9004369BC /* ViewController.swift */; };
		B49F951C24CCAEB9004369BC /* Main.storyboard in Resources */ = {isa = PBXBuildFile; fileRef = B49F951A24CCAEB9004369BC /* Main.storyboard */; };
		B49F951E24CCAEC0004369BC /* Assets.xcassets in Resources */ = {isa = PBXBuildFile; fileRef = B49F951D24CCAEC0004369BC /* Assets.xcassets */; };
		B49F952124CCAEC0004369BC /* LaunchScreen.storyboard in Resources */ = {isa = PBXBuildFile; fileRef = B49F951F24CCAEC0004369BC /* LaunchScreen.storyboard */; };
		B49F954B24CCCF76004369BC /* settingViewController.swift in Sources */ = {isa = PBXBuildFile; fileRef = B49F954A24CCCF76004369BC /* settingViewController.swift */; };
		B49F954D24CCD970004369BC /* QuestionViewController.swift in Sources */ = {isa = PBXBuildFile; fileRef = B49F954C24CCD970004369BC /* QuestionViewController.swift */; };
		B49F955224CF63B9004369BC /* QuestionAnswerManager.swift in Sources */ = {isa = PBXBuildFile; fileRef = B49F955124CF63B9004369BC /* QuestionAnswerManager.swift */; };
		B4C65713250BD2E200C6D1E9 /* GameKit.framework in Frameworks */ = {isa = PBXBuildFile; fileRef = B4C65712250BD2E200C6D1E9 /* GameKit.framework */; };
/* End PBXBuildFile section */

/* Begin PBXFileReference section */
		2CDCF439F485A610283DF866 /* Pods-Ultimate Football Quiz.release.xcconfig */ = {isa = PBXFileReference; includeInIndex = 1; lastKnownFileType = text.xcconfig; name = "Pods-Ultimate Football Quiz.release.xcconfig"; path = "Target Support Files/Pods-Ultimate Football Quiz/Pods-Ultimate Football Quiz.release.xcconfig"; sourceTree = "<group>"; };
		2CE9CD08B284C93A1D1654F2 /* Pods_Ultimate_Football_Quiz.framework */ = {isa = PBXFileReference; explicitFileType = wrapper.framework; includeInIndex = 0; path = Pods_Ultimate_Football_Quiz.framework; sourceTree = BUILT_PRODUCTS_DIR; };
		B403E6F2250C04AE005E3B55 /* Football Quiz.entitlements */ = {isa = PBXFileReference; fileEncoding = 4; lastKnownFileType = text.plist.entitlements; path = "Football Quiz.entitlements"; sourceTree = "<group>"; };
		B42430AE250CEF2500EDD6C9 /* StoreKit.framework */ = {isa = PBXFileReference; lastKnownFileType = wrapper.framework; name = StoreKit.framework; path = System/Library/Frameworks/StoreKit.framework; sourceTree = SDKROOT; };
		B46C243C24FBE1A000E7E539 /* GoogleService-Info.plist */ = {isa = PBXFileReference; fileEncoding = 4; lastKnownFileType = text.plist.xml; path = "GoogleService-Info.plist"; sourceTree = "<group>"; };
		B48700F124D424A200B12123 /* GeneralQuestions.swift */ = {isa = PBXFileReference; lastKnownFileType = sourcecode.swift; path = GeneralQuestions.swift; sourceTree = "<group>"; };
		B48700F324D5D22900B12123 /* EndGameViewController.swift */ = {isa = PBXFileReference; lastKnownFileType = sourcecode.swift; path = EndGameViewController.swift; sourceTree = "<group>"; };
		B49A0EDF24E9D52100A10D4A /* StaduimQuestions.swift */ = {isa = PBXFileReference; lastKnownFileType = sourcecode.swift; path = StaduimQuestions.swift; sourceTree = "<group>"; };
		B49A0EE124E9D73300A10D4A /* PremierLeagueQuestions.swift */ = {isa = PBXFileReference; lastKnownFileType = sourcecode.swift; path = PremierLeagueQuestions.swift; sourceTree = "<group>"; };
		B49A0EE324E9DE9F00A10D4A /* TrueFalseViewController.swift */ = {isa = PBXFileReference; lastKnownFileType = sourcecode.swift; path = TrueFalseViewController.swift; sourceTree = "<group>"; };
		B49A0EE524E9E5AE00A10D4A /* QuestionTrueFalseManager.swift */ = {isa = PBXFileReference; lastKnownFileType = sourcecode.swift; path = QuestionTrueFalseManager.swift; sourceTree = "<group>"; };
		B49A0EE724E9E5F500A10D4A /* TrueFalseQuestions.swift */ = {isa = PBXFileReference; lastKnownFileType = sourcecode.swift; path = TrueFalseQuestions.swift; sourceTree = "<group>"; };
		B49A0EE924EC419A00A10D4A /* WhoAmIQuestions.swift */ = {isa = PBXFileReference; lastKnownFileType = sourcecode.swift; path = WhoAmIQuestions.swift; sourceTree = "<group>"; };
		B49A0EEB24EC45AE00A10D4A /* RandomNumber.swift */ = {isa = PBXFileReference; lastKnownFileType = sourcecode.swift; path = RandomNumber.swift; sourceTree = "<group>"; };
		B49F951124CCAEB9004369BC /* Football Quiz.app */ = {isa = PBXFileReference; explicitFileType = wrapper.application; includeInIndex = 0; path = "Football Quiz.app"; sourceTree = BUILT_PRODUCTS_DIR; };
		B49F951424CCAEB9004369BC /* AppDelegate.swift */ = {isa = PBXFileReference; lastKnownFileType = sourcecode.swift; path = AppDelegate.swift; sourceTree = "<group>"; };
		B49F951624CCAEB9004369BC /* SceneDelegate.swift */ = {isa = PBXFileReference; lastKnownFileType = sourcecode.swift; path = SceneDelegate.swift; sourceTree = "<group>"; };
		B49F951824CCAEB9004369BC /* ViewController.swift */ = {isa = PBXFileReference; lastKnownFileType = sourcecode.swift; path = ViewController.swift; sourceTree = "<group>"; };
		B49F951B24CCAEB9004369BC /* Base */ = {isa = PBXFileReference; lastKnownFileType = file.storyboard; name = Base; path = Base.lproj/Main.storyboard; sourceTree = "<group>"; };
		B49F951D24CCAEC0004369BC /* Assets.xcassets */ = {isa = PBXFileReference; lastKnownFileType = folder.assetcatalog; path = Assets.xcassets; sourceTree = "<group>"; };
		B49F952024CCAEC0004369BC /* Base */ = {isa = PBXFileReference; lastKnownFileType = file.storyboard; name = Base; path = Base.lproj/LaunchScreen.storyboard; sourceTree = "<group>"; };
		B49F952224CCAEC0004369BC /* Info.plist */ = {isa = PBXFileReference; lastKnownFileType = text.plist.xml; path = Info.plist; sourceTree = "<group>"; };
		B49F954A24CCCF76004369BC /* settingViewController.swift */ = {isa = PBXFileReference; lastKnownFileType = sourcecode.swift; path = settingViewController.swift; sourceTree = "<group>"; };
		B49F954C24CCD970004369BC /* QuestionViewController.swift */ = {isa = PBXFileReference; lastKnownFileType = sourcecode.swift; path = QuestionViewController.swift; sourceTree = "<group>"; };
		B49F955124CF63B9004369BC /* QuestionAnswerManager.swift */ = {isa = PBXFileReference; lastKnownFileType = sourcecode.swift; path = QuestionAnswerManager.swift; sourceTree = "<group>"; };
		B4C65712250BD2E200C6D1E9 /* GameKit.framework */ = {isa = PBXFileReference; lastKnownFileType = wrapper.framework; name = GameKit.framework; path = System/Library/Frameworks/GameKit.framework; sourceTree = SDKROOT; };
		D46AC2CAEA2BC89C4F52B728 /* Pods-Ultimate Football Quiz.debug.xcconfig */ = {isa = PBXFileReference; includeInIndex = 1; lastKnownFileType = text.xcconfig; name = "Pods-Ultimate Football Quiz.debug.xcconfig"; path = "Target Support Files/Pods-Ultimate Football Quiz/Pods-Ultimate Football Quiz.debug.xcconfig"; sourceTree = "<group>"; };
/* End PBXFileReference section */

/* Begin PBXFrameworksBuildPhase section */
		B49F950E24CCAEB9004369BC /* Frameworks */ = {
			isa = PBXFrameworksBuildPhase;
			buildActionMask = 2147483647;
			files = (
				B42430AF250CEF2500EDD6C9 /* StoreKit.framework in Frameworks */,
				53DEC49174E44EC50BDBC525 /* Pods_Ultimate_Football_Quiz.framework in Frameworks */,
				B4C65713250BD2E200C6D1E9 /* GameKit.framework in Frameworks */,
			);
			runOnlyForDeploymentPostprocessing = 0;
		};
/* End PBXFrameworksBuildPhase section */

/* Begin PBXGroup section */
		596C60484A75C629F6E64B89 /* Pods */ = {
			isa = PBXGroup;
			children = (
				D46AC2CAEA2BC89C4F52B728 /* Pods-Ultimate Football Quiz.debug.xcconfig */,
				2CDCF439F485A610283DF866 /* Pods-Ultimate Football Quiz.release.xcconfig */,
			);
			path = Pods;
			sourceTree = "<group>";
		};
		B49F950824CCAEB9004369BC = {
			isa = PBXGroup;
			children = (
				B49F951324CCAEB9004369BC /* Ultimate Football Quiz */,
				B49F951224CCAEB9004369BC /* Products */,
				596C60484A75C629F6E64B89 /* Pods */,
				BFF6D9F7976477419CE3A0B1 /* Frameworks */,
			);
			sourceTree = "<group>";
		};
		B49F951224CCAEB9004369BC /* Products */ = {
			isa = PBXGroup;
			children = (
				B49F951124CCAEB9004369BC /* Football Quiz.app */,
			);
			name = Products;
			sourceTree = "<group>";
		};
		B49F951324CCAEB9004369BC /* Ultimate Football Quiz */ = {
			isa = PBXGroup;
			children = (
				B403E6F2250C04AE005E3B55 /* Football Quiz.entitlements */,
				B46C243C24FBE1A000E7E539 /* GoogleService-Info.plist */,
				B49F952224CCAEC0004369BC /* Info.plist */,
				B49F951424CCAEB9004369BC /* AppDelegate.swift */,
				B49F951624CCAEB9004369BC /* SceneDelegate.swift */,
				B49F955024CF6202004369BC /* Model */,
				B49F954724CCC281004369BC /* Controllers */,
				B49F954E24CDC01C004369BC /* View */,
				B49F954F24CDC02A004369BC /* Supporting Files */,
			);
			path = "Ultimate Football Quiz";
			sourceTree = "<group>";
		};
		B49F954724CCC281004369BC /* Controllers */ = {
			isa = PBXGroup;
			children = (
				B49F951824CCAEB9004369BC /* ViewController.swift */,
				B49F954C24CCD970004369BC /* QuestionViewController.swift */,
				B49A0EE324E9DE9F00A10D4A /* TrueFalseViewController.swift */,
				B48700F324D5D22900B12123 /* EndGameViewController.swift */,
				B49F954A24CCCF76004369BC /* settingViewController.swift */,
			);
			path = Controllers;
			sourceTree = "<group>";
		};
		B49F954E24CDC01C004369BC /* View */ = {
			isa = PBXGroup;
			children = (
				B49F951A24CCAEB9004369BC /* Main.storyboard */,
				B49F951D24CCAEC0004369BC /* Assets.xcassets */,
			);
			path = View;
			sourceTree = "<group>";
		};
		B49F954F24CDC02A004369BC /* Supporting Files */ = {
			isa = PBXGroup;
			children = (
				B49F951F24CCAEC0004369BC /* LaunchScreen.storyboard */,
			);
			path = "Supporting Files";
			sourceTree = "<group>";
		};
		B49F955024CF6202004369BC /* Model */ = {
			isa = PBXGroup;
			children = (
				B49A0EEB24EC45AE00A10D4A /* RandomNumber.swift */,
				B49F955124CF63B9004369BC /* QuestionAnswerManager.swift */,
				B49A0EE524E9E5AE00A10D4A /* QuestionTrueFalseManager.swift */,
				B48700F124D424A200B12123 /* GeneralQuestions.swift */,
				B49A0EDF24E9D52100A10D4A /* StaduimQuestions.swift */,
				B49A0EE124E9D73300A10D4A /* PremierLeagueQuestions.swift */,
				B49A0EE724E9E5F500A10D4A /* TrueFalseQuestions.swift */,
				B49A0EE924EC419A00A10D4A /* WhoAmIQuestions.swift */,
			);
			path = Model;
			sourceTree = "<group>";
		};
		BFF6D9F7976477419CE3A0B1 /* Frameworks */ = {
			isa = PBXGroup;
			children = (
				B42430AE250CEF2500EDD6C9 /* StoreKit.framework */,
				B4C65712250BD2E200C6D1E9 /* GameKit.framework */,
				2CE9CD08B284C93A1D1654F2 /* Pods_Ultimate_Football_Quiz.framework */,
			);
			name = Frameworks;
			sourceTree = "<group>";
		};
/* End PBXGroup section */

/* Begin PBXNativeTarget section */
		B49F951024CCAEB9004369BC /* Ultimate Football Quiz */ = {
			isa = PBXNativeTarget;
			buildConfigurationList = B49F953B24CCAEC0004369BC /* Build configuration list for PBXNativeTarget "Ultimate Football Quiz" */;
			buildPhases = (
				3593EE9B34A4CB84CCD88037 /* [CP] Check Pods Manifest.lock */,
				B49F950D24CCAEB9004369BC /* Sources */,
				B49F950E24CCAEB9004369BC /* Frameworks */,
				B49F950F24CCAEB9004369BC /* Resources */,
				CDAF38FD7F6D0894823EDBE5 /* [CP] Embed Pods Frameworks */,
				35754E63FC497C3A81F86C68 /* [CP] Copy Pods Resources */,
			);
			buildRules = (
			);
			dependencies = (
			);
			name = "Ultimate Football Quiz";
			productName = "Ultimate Football Quiz";
			productReference = B49F951124CCAEB9004369BC /* Football Quiz.app */;
			productType = "com.apple.product-type.application";
		};
/* End PBXNativeTarget section */

/* Begin PBXProject section */
		B49F950924CCAEB9004369BC /* Project object */ = {
			isa = PBXProject;
			attributes = {
				LastSwiftUpdateCheck = 1160;
				LastUpgradeCheck = 1160;
				ORGANIZATIONNAME = "Abdulrahman ibrahim";
				TargetAttributes = {
					B49F951024CCAEB9004369BC = {
						CreatedOnToolsVersion = 11.6;
					};
				};
			};
			buildConfigurationList = B49F950C24CCAEB9004369BC /* Build configuration list for PBXProject "Ultimate Football Quiz" */;
			compatibilityVersion = "Xcode 9.3";
			developmentRegion = en;
			hasScannedForEncodings = 0;
			knownRegions = (
				en,
				Base,
			);
			mainGroup = B49F950824CCAEB9004369BC;
			productRefGroup = B49F951224CCAEB9004369BC /* Products */;
			projectDirPath = "";
			projectRoot = "";
			targets = (
				B49F951024CCAEB9004369BC /* Ultimate Football Quiz */,
			);
		};
/* End PBXProject section */

/* Begin PBXResourcesBuildPhase section */
		B49F950F24CCAEB9004369BC /* Resources */ = {
			isa = PBXResourcesBuildPhase;
			buildActionMask = 2147483647;
			files = (
				B49F952124CCAEC0004369BC /* LaunchScreen.storyboard in Resources */,
				B46C243D24FBE1A000E7E539 /* GoogleService-Info.plist in Resources */,
				B49F951E24CCAEC0004369BC /* Assets.xcassets in Resources */,
				B49F951C24CCAEB9004369BC /* Main.storyboard in Resources */,
			);
			runOnlyForDeploymentPostprocessing = 0;
		};
/* End PBXResourcesBuildPhase section */

/* Begin PBXShellScriptBuildPhase section */
		35754E63FC497C3A81F86C68 /* [CP] Copy Pods Resources */ = {
			isa = PBXShellScriptBuildPhase;
			buildActionMask = 2147483647;
			files = (
			);
			inputFileListPaths = (
				"${PODS_ROOT}/Target Support Files/Pods-Ultimate Football Quiz/Pods-Ultimate Football Quiz-resources-${CONFIGURATION}-input-files.xcfilelist",
			);
			name = "[CP] Copy Pods Resources";
			outputFileListPaths = (
				"${PODS_ROOT}/Target Support Files/Pods-Ultimate Football Quiz/Pods-Ultimate Football Quiz-resources-${CONFIGURATION}-output-files.xcfilelist",
			);
			runOnlyForDeploymentPostprocessing = 0;
			shellPath = /bin/sh;
			shellScript = "\"${PODS_ROOT}/Target Support Files/Pods-Ultimate Football Quiz/Pods-Ultimate Football Quiz-resources.sh\"\n";
			showEnvVarsInLog = 0;
		};
		3593EE9B34A4CB84CCD88037 /* [CP] Check Pods Manifest.lock */ = {
			isa = PBXShellScriptBuildPhase;
			buildActionMask = 2147483647;
			files = (
			);
			inputFileListPaths = (
			);
			inputPaths = (
				"${PODS_PODFILE_DIR_PATH}/Podfile.lock",
				"${PODS_ROOT}/Manifest.lock",
			);
			name = "[CP] Check Pods Manifest.lock";
			outputFileListPaths = (
			);
			outputPaths = (
				"$(DERIVED_FILE_DIR)/Pods-Ultimate Football Quiz-checkManifestLockResult.txt",
			);
			runOnlyForDeploymentPostprocessing = 0;
			shellPath = /bin/sh;
			shellScript = "diff \"${PODS_PODFILE_DIR_PATH}/Podfile.lock\" \"${PODS_ROOT}/Manifest.lock\" > /dev/null\nif [ $? != 0 ] ; then\n    # print error to STDERR\n    echo \"error: The sandbox is not in sync with the Podfile.lock. Run 'pod install' or update your CocoaPods installation.\" >&2\n    exit 1\nfi\n# This output is used by Xcode 'outputs' to avoid re-running this script phase.\necho \"SUCCESS\" > \"${SCRIPT_OUTPUT_FILE_0}\"\n";
			showEnvVarsInLog = 0;
		};
		CDAF38FD7F6D0894823EDBE5 /* [CP] Embed Pods Frameworks */ = {
			isa = PBXShellScriptBuildPhase;
			buildActionMask = 2147483647;
			files = (
			);
			inputFileListPaths = (
				"${PODS_ROOT}/Target Support Files/Pods-Ultimate Football Quiz/Pods-Ultimate Football Quiz-frameworks-${CONFIGURATION}-input-files.xcfilelist",
			);
			name = "[CP] Embed Pods Frameworks";
			outputFileListPaths = (
				"${PODS_ROOT}/Target Support Files/Pods-Ultimate Football Quiz/Pods-Ultimate Football Quiz-frameworks-${CONFIGURATION}-output-files.xcfilelist",
			);
			runOnlyForDeploymentPostprocessing = 0;
			shellPath = /bin/sh;
			shellScript = "\"${PODS_ROOT}/Target Support Files/Pods-Ultimate Football Quiz/Pods-Ultimate Football Quiz-frameworks.sh\"\n";
			showEnvVarsInLog = 0;
		};
/* End PBXShellScriptBuildPhase section */

/* Begin PBXSourcesBuildPhase section */
		B49F950D24CCAEB9004369BC /* Sources */ = {
			isa = PBXSourcesBuildPhase;
			buildActionMask = 2147483647;
			files = (
				B49A0EE024E9D52100A10D4A /* StaduimQuestions.swift in Sources */,
				B49A0EE224E9D73300A10D4A /* PremierLeagueQuestions.swift in Sources */,
				B49A0EEC24EC45AE00A10D4A /* RandomNumber.swift in Sources */,
				B49F951924CCAEB9004369BC /* ViewController.swift in Sources */,
				B49F955224CF63B9004369BC /* QuestionAnswerManager.swift in Sources */,
				B49F954D24CCD970004369BC /* QuestionViewController.swift in Sources */,
				B49A0EE824E9E5F500A10D4A /* TrueFalseQuestions.swift in Sources */,
				B49A0EE424E9DE9F00A10D4A /* TrueFalseViewController.swift in Sources */,
				B49F951524CCAEB9004369BC /* AppDelegate.swift in Sources */,
				B49F951724CCAEB9004369BC /* SceneDelegate.swift in Sources */,
				B49F954B24CCCF76004369BC /* settingViewController.swift in Sources */,
				B48700F424D5D22900B12123 /* EndGameViewController.swift in Sources */,
				B48700F224D424A200B12123 /* GeneralQuestions.swift in Sources */,
				B49A0EEA24EC419A00A10D4A /* WhoAmIQuestions.swift in Sources */,
				B49A0EE624E9E5AE00A10D4A /* QuestionTrueFalseManager.swift in Sources */,
			);
			runOnlyForDeploymentPostprocessing = 0;
		};
/* End PBXSourcesBuildPhase section */

/* Begin PBXVariantGroup section */
		B49F951A24CCAEB9004369BC /* Main.storyboard */ = {
			isa = PBXVariantGroup;
			children = (
				B49F951B24CCAEB9004369BC /* Base */,
			);
			name = Main.storyboard;
			sourceTree = "<group>";
		};
		B49F951F24CCAEC0004369BC /* LaunchScreen.storyboard */ = {
			isa = PBXVariantGroup;
			children = (
				B49F952024CCAEC0004369BC /* Base */,
			);
			name = LaunchScreen.storyboard;
			sourceTree = "<group>";
		};
/* End PBXVariantGroup section */

/* Begin XCBuildConfiguration section */
		B49F953924CCAEC0004369BC /* Debug */ = {
			isa = XCBuildConfiguration;
			buildSettings = {
				ALWAYS_SEARCH_USER_PATHS = NO;
				CLANG_ANALYZER_NONNULL = YES;
				CLANG_ANALYZER_NUMBER_OBJECT_CONVERSION = YES_AGGRESSIVE;
				CLANG_CXX_LANGUAGE_STANDARD = "gnu++14";
				CLANG_CXX_LIBRARY = "libc++";
				CLANG_ENABLE_MODULES = YES;
				CLANG_ENABLE_OBJC_ARC = YES;
				CLANG_ENABLE_OBJC_WEAK = YES;
				CLANG_WARN_BLOCK_CAPTURE_AUTORELEASING = YES;
				CLANG_WARN_BOOL_CONVERSION = YES;
				CLANG_WARN_COMMA = YES;
				CLANG_WARN_CONSTANT_CONVERSION = YES;
				CLANG_WARN_DEPRECATED_OBJC_IMPLEMENTATIONS = YES;
				CLANG_WARN_DIRECT_OBJC_ISA_USAGE = YES_ERROR;
				CLANG_WARN_DOCUMENTATION_COMMENTS = YES;
				CLANG_WARN_EMPTY_BODY = YES;
				CLANG_WARN_ENUM_CONVERSION = YES;
				CLANG_WARN_INFINITE_RECURSION = YES;
				CLANG_WARN_INT_CONVERSION = YES;
				CLANG_WARN_NON_LITERAL_NULL_CONVERSION = YES;
				CLANG_WARN_OBJC_IMPLICIT_RETAIN_SELF = YES;
				CLANG_WARN_OBJC_LITERAL_CONVERSION = YES;
				CLANG_WARN_OBJC_ROOT_CLASS = YES_ERROR;
				CLANG_WARN_RANGE_LOOP_ANALYSIS = YES;
				CLANG_WARN_STRICT_PROTOTYPES = YES;
				CLANG_WARN_SUSPICIOUS_MOVE = YES;
				CLANG_WARN_UNGUARDED_AVAILABILITY = YES_AGGRESSIVE;
				CLANG_WARN_UNREACHABLE_CODE = YES;
				CLANG_WARN__DUPLICATE_METHOD_MATCH = YES;
				COPY_PHASE_STRIP = NO;
				DEBUG_INFORMATION_FORMAT = dwarf;
				ENABLE_STRICT_OBJC_MSGSEND = YES;
				ENABLE_TESTABILITY = YES;
				GCC_C_LANGUAGE_STANDARD = gnu11;
				GCC_DYNAMIC_NO_PIC = NO;
				GCC_NO_COMMON_BLOCKS = YES;
				GCC_OPTIMIZATION_LEVEL = 0;
				GCC_PREPROCESSOR_DEFINITIONS = (
					"DEBUG=1",
					"$(inherited)",
				);
				GCC_WARN_64_TO_32_BIT_CONVERSION = YES;
				GCC_WARN_ABOUT_RETURN_TYPE = YES_ERROR;
				GCC_WARN_UNDECLARED_SELECTOR = YES;
				GCC_WARN_UNINITIALIZED_AUTOS = YES_AGGRESSIVE;
				GCC_WARN_UNUSED_FUNCTION = YES;
				GCC_WARN_UNUSED_VARIABLE = YES;
				IPHONEOS_DEPLOYMENT_TARGET = 13.6;
				MTL_ENABLE_DEBUG_INFO = INCLUDE_SOURCE;
				MTL_FAST_MATH = YES;
				ONLY_ACTIVE_ARCH = YES;
				SDKROOT = iphoneos;
				SWIFT_ACTIVE_COMPILATION_CONDITIONS = DEBUG;
				SWIFT_OPTIMIZATION_LEVEL = "-Onone";
			};
			name = Debug;
		};
		B49F953A24CCAEC0004369BC /* Release */ = {
			isa = XCBuildConfiguration;
			buildSettings = {
				ALWAYS_SEARCH_USER_PATHS = NO;
				CLANG_ANALYZER_NONNULL = YES;
				CLANG_ANALYZER_NUMBER_OBJECT_CONVERSION = YES_AGGRESSIVE;
				CLANG_CXX_LANGUAGE_STANDARD = "gnu++14";
				CLANG_CXX_LIBRARY = "libc++";
				CLANG_ENABLE_MODULES = YES;
				CLANG_ENABLE_OBJC_ARC = YES;
				CLANG_ENABLE_OBJC_WEAK = YES;
				CLANG_WARN_BLOCK_CAPTURE_AUTORELEASING = YES;
				CLANG_WARN_BOOL_CONVERSION = YES;
				CLANG_WARN_COMMA = YES;
				CLANG_WARN_CONSTANT_CONVERSION = YES;
				CLANG_WARN_DEPRECATED_OBJC_IMPLEMENTATIONS = YES;
				CLANG_WARN_DIRECT_OBJC_ISA_USAGE = YES_ERROR;
				CLANG_WARN_DOCUMENTATION_COMMENTS = YES;
				CLANG_WARN_EMPTY_BODY = YES;
				CLANG_WARN_ENUM_CONVERSION = YES;
				CLANG_WARN_INFINITE_RECURSION = YES;
				CLANG_WARN_INT_CONVERSION = YES;
				CLANG_WARN_NON_LITERAL_NULL_CONVERSION = YES;
				CLANG_WARN_OBJC_IMPLICIT_RETAIN_SELF = YES;
				CLANG_WARN_OBJC_LITERAL_CONVERSION = YES;
				CLANG_WARN_OBJC_ROOT_CLASS = YES_ERROR;
				CLANG_WARN_RANGE_LOOP_ANALYSIS = YES;
				CLANG_WARN_STRICT_PROTOTYPES = YES;
				CLANG_WARN_SUSPICIOUS_MOVE = YES;
				CLANG_WARN_UNGUARDED_AVAILABILITY = YES_AGGRESSIVE;
				CLANG_WARN_UNREACHABLE_CODE = YES;
				CLANG_WARN__DUPLICATE_METHOD_MATCH = YES;
				COPY_PHASE_STRIP = NO;
				DEBUG_INFORMATION_FORMAT = dwarf;
				ENABLE_NS_ASSERTIONS = NO;
				ENABLE_STRICT_OBJC_MSGSEND = YES;
				GCC_C_LANGUAGE_STANDARD = gnu11;
				GCC_NO_COMMON_BLOCKS = YES;
				GCC_WARN_64_TO_32_BIT_CONVERSION = YES;
				GCC_WARN_ABOUT_RETURN_TYPE = YES_ERROR;
				GCC_WARN_UNDECLARED_SELECTOR = YES;
				GCC_WARN_UNINITIALIZED_AUTOS = YES_AGGRESSIVE;
				GCC_WARN_UNUSED_FUNCTION = YES;
				GCC_WARN_UNUSED_VARIABLE = YES;
				IPHONEOS_DEPLOYMENT_TARGET = 13.6;
				MTL_ENABLE_DEBUG_INFO = NO;
				MTL_FAST_MATH = YES;
				SDKROOT = iphoneos;
				SWIFT_COMPILATION_MODE = wholemodule;
				SWIFT_OPTIMIZATION_LEVEL = "-O";
				VALIDATE_PRODUCT = YES;
			};
			name = Release;
		};
		B49F953C24CCAEC0004369BC /* Debug */ = {
			isa = XCBuildConfiguration;
			baseConfigurationReference = D46AC2CAEA2BC89C4F52B728 /* Pods-Ultimate Football Quiz.debug.xcconfig */;
			buildSettings = {
				ALWAYS_SEARCH_USER_PATHS = NO;
				ASSETCATALOG_COMPILER_APPICON_NAME = AppIcon;
				CODE_SIGN_ENTITLEMENTS = "Ultimate Football Quiz/Football Quiz.entitlements";
				CODE_SIGN_STYLE = Automatic;
				DEBUG_INFORMATION_FORMAT = dwarf;
				DEVELOPMENT_TEAM = 85M6Z5U52M;
				INFOPLIST_FILE = "Ultimate Football Quiz/Info.plist";
				IPHONEOS_DEPLOYMENT_TARGET = 13.0;
				LD_RUNPATH_SEARCH_PATHS = (
					"$(inherited)",
					"@executable_path/Frameworks",
				);
				PRODUCT_BUNDLE_IDENTIFIER = "com.aibrahim.Ultimate-Football-Quiz";
				PRODUCT_NAME = "Football Quiz";
				SWIFT_VERSION = 5.0;
				TARGETED_DEVICE_FAMILY = 1;
			};
			name = Debug;
		};
		B49F953D24CCAEC0004369BC /* Release */ = {
			isa = XCBuildConfiguration;
			baseConfigurationReference = 2CDCF439F485A610283DF866 /* Pods-Ultimate Football Quiz.release.xcconfig */;
			buildSettings = {
				ALWAYS_SEARCH_USER_PATHS = NO;
				ASSETCATALOG_COMPILER_APPICON_NAME = AppIcon;
				CODE_SIGN_ENTITLEMENTS = "Ultimate Football Quiz/Football Quiz.entitlements";
				CODE_SIGN_STYLE = Automatic;
				DEBUG_INFORMATION_FORMAT = dwarf;
				DEVELOPMENT_TEAM = 85M6Z5U52M;
				INFOPLIST_FILE = "Ultimate Football Quiz/Info.plist";
				IPHONEOS_DEPLOYMENT_TARGET = 13.0;
				LD_RUNPATH_SEARCH_PATHS = (
					"$(inherited)",
					"@executable_path/Frameworks",
				);
				PRODUCT_BUNDLE_IDENTIFIER = "com.aibrahim.Ultimate-Football-Quiz";
				PRODUCT_NAME = "Football Quiz";
				SWIFT_VERSION = 5.0;
				TARGETED_DEVICE_FAMILY = 1;
			};
			name = Release;
		};
/* End XCBuildConfiguration section */

/* Begin XCConfigurationList section */
		B49F950C24CCAEB9004369BC /* Build configuration list for PBXProject "Ultimate Football Quiz" */ = {
			isa = XCConfigurationList;
			buildConfigurations = (
				B49F953924CCAEC0004369BC /* Debug */,
				B49F953A24CCAEC0004369BC /* Release */,
			);
			defaultConfigurationIsVisible = 0;
			defaultConfigurationName = Release;
		};
		B49F953B24CCAEC0004369BC /* Build configuration list for PBXNativeTarget "Ultimate Football Quiz" */ = {
			isa = XCConfigurationList;
			buildConfigurations = (
				B49F953C24CCAEC0004369BC /* Debug */,
				B49F953D24CCAEC0004369BC /* Release */,
			);
			defaultConfigurationIsVisible = 0;
			defaultConfigurationName = Release;
		};
/* End XCConfigurationList section */
	};
	rootObject = B49F950924CCAEB9004369BC /* Project object */;
}
